// !$*UTF8*$!
{
	archiveVersion = 1;
	classes = {
	};
	objectVersion = 55;
	objects = {

/* Begin PBXBuildFile section */
		EE05CFEA27CFE6C3005D4D00 /* DetailViewController.swift in Sources */ = {isa = PBXBuildFile; fileRef = EE05CFE927CFE6C3005D4D00 /* DetailViewController.swift */; };
		EE4741E227C8E27D0070895E /* Alamofire.framework in Frameworks */ = {isa = PBXBuildFile; fileRef = EE4741D227C8DB3F0070895E /* Alamofire.framework */; };
		EE4741E327C8E27D0070895E /* Alamofire.framework in Embed Frameworks */ = {isa = PBXBuildFile; fileRef = EE4741D227C8DB3F0070895E /* Alamofire.framework */; settings = {ATTRIBUTES = (CodeSignOnCopy, RemoveHeadersOnCopy, ); }; };
		EE47421727C919EA0070895E /* SwiftyJSON.framework in Frameworks */ = {isa = PBXBuildFile; fileRef = EE47420A27C918F50070895E /* SwiftyJSON.framework */; };
		EE47421827C919EA0070895E /* SwiftyJSON.framework in Embed Frameworks */ = {isa = PBXBuildFile; fileRef = EE47420A27C918F50070895E /* SwiftyJSON.framework */; settings = {ATTRIBUTES = (CodeSignOnCopy, RemoveHeadersOnCopy, ); }; };
		EE47421A27C92A330070895E /* Currency.swift in Sources */ = {isa = PBXBuildFile; fileRef = EE47421927C92A330070895E /* Currency.swift */; };
		EE7E721227B160A600FBDA15 /* AppDelegate.swift in Sources */ = {isa = PBXBuildFile; fileRef = EE7E721127B160A600FBDA15 /* AppDelegate.swift */; };
		EE7E721427B160A600FBDA15 /* SceneDelegate.swift in Sources */ = {isa = PBXBuildFile; fileRef = EE7E721327B160A600FBDA15 /* SceneDelegate.swift */; };
		EE7E721627B160A600FBDA15 /* ViewController.swift in Sources */ = {isa = PBXBuildFile; fileRef = EE7E721527B160A600FBDA15 /* ViewController.swift */; };
		EE7E721927B160A600FBDA15 /* Main.storyboard in Resources */ = {isa = PBXBuildFile; fileRef = EE7E721727B160A600FBDA15 /* Main.storyboard */; };
		EE7E721B27B160AD00FBDA15 /* Assets.xcassets in Resources */ = {isa = PBXBuildFile; fileRef = EE7E721A27B160AD00FBDA15 /* Assets.xcassets */; };
		EE7E721E27B160AD00FBDA15 /* LaunchScreen.storyboard in Resources */ = {isa = PBXBuildFile; fileRef = EE7E721C27B160AD00FBDA15 /* LaunchScreen.storyboard */; };
		EE7E722727B16FAE00FBDA15 /* DocsPickerTypes .swift in Sources */ = {isa = PBXBuildFile; fileRef = EE7E722627B16FAE00FBDA15 /* DocsPickerTypes .swift */; };
		EEC3D1B027BFA1FA00CDE6C1 /* File.swift in Sources */ = {isa = PBXBuildFile; fileRef = EEC3D1AF27BFA1FA00CDE6C1 /* File.swift */; };
		EEC3D1B227BFDE6400CDE6C1 /* SecondViewController.swift in Sources */ = {isa = PBXBuildFile; fileRef = EEC3D1B127BFDE6400CDE6C1 /* SecondViewController.swift */; };
		EEC3D1B527BFE48A00CDE6C1 /* FileViewCell.swift in Sources */ = {isa = PBXBuildFile; fileRef = EEC3D1B327BFE48900CDE6C1 /* FileViewCell.swift */; };
		EEC3D1B627BFE48A00CDE6C1 /* FileViewCell.xib in Resources */ = {isa = PBXBuildFile; fileRef = EEC3D1B427BFE48900CDE6C1 /* FileViewCell.xib */; };
		EEC3D1B927BFEFA300CDE6C1 /* SecondViewCell.swift in Sources */ = {isa = PBXBuildFile; fileRef = EEC3D1B727BFEFA300CDE6C1 /* SecondViewCell.swift */; };
		EEC3D1BA27BFEFA300CDE6C1 /* SecondViewCell.xib in Resources */ = {isa = PBXBuildFile; fileRef = EEC3D1B827BFEFA300CDE6C1 /* SecondViewCell.xib */; };
/* End PBXBuildFile section */

/* Begin PBXContainerItemProxy section */
		EE4741D127C8DB3F0070895E /* PBXContainerItemProxy */ = {
			isa = PBXContainerItemProxy;
			containerPortal = EE4741C627C8DB3E0070895E /* Alamofire.xcodeproj */;
			proxyType = 2;
			remoteGlobalIDString = F8111E3319A95C8B0040E7D1;
			remoteInfo = "Alamofire iOS";
		};
		EE4741D327C8DB3F0070895E /* PBXContainerItemProxy */ = {
			isa = PBXContainerItemProxy;
			containerPortal = EE4741C627C8DB3E0070895E /* Alamofire.xcodeproj */;
			proxyType = 2;
			remoteGlobalIDString = F8111E3E19A95C8B0040E7D1;
			remoteInfo = "Alamofire iOS Tests";
		};
		EE4741D527C8DB3F0070895E /* PBXContainerItemProxy */ = {
			isa = PBXContainerItemProxy;
			containerPortal = EE4741C627C8DB3E0070895E /* Alamofire.xcodeproj */;
			proxyType = 2;
			remoteGlobalIDString = 4DD67C0B1A5C55C900ED2280;
			remoteInfo = "Alamofire macOS";
		};
		EE4741D727C8DB3F0070895E /* PBXContainerItemProxy */ = {
			isa = PBXContainerItemProxy;
			containerPortal = EE4741C627C8DB3E0070895E /* Alamofire.xcodeproj */;
			proxyType = 2;
			remoteGlobalIDString = F829C6B21A7A94F100A2CD59;
			remoteInfo = "Alamofire macOS Tests";
		};
		EE4741D927C8DB3F0070895E /* PBXContainerItemProxy */ = {
			isa = PBXContainerItemProxy;
			containerPortal = EE4741C627C8DB3E0070895E /* Alamofire.xcodeproj */;
			proxyType = 2;
			remoteGlobalIDString = 4CF626EF1BA7CB3E0011A099;
			remoteInfo = "Alamofire tvOS";
		};
		EE4741DB27C8DB3F0070895E /* PBXContainerItemProxy */ = {
			isa = PBXContainerItemProxy;
			containerPortal = EE4741C627C8DB3E0070895E /* Alamofire.xcodeproj */;
			proxyType = 2;
			remoteGlobalIDString = 4CF626F81BA7CB3E0011A099;
			remoteInfo = "Alamofire tvOS Tests";
		};
		EE4741DD27C8DB3F0070895E /* PBXContainerItemProxy */ = {
			isa = PBXContainerItemProxy;
			containerPortal = EE4741C627C8DB3E0070895E /* Alamofire.xcodeproj */;
			proxyType = 2;
			remoteGlobalIDString = E4202FE01B667AA100C997FB;
			remoteInfo = "Alamofire watchOS";
		};
		EE4741DF27C8DB3F0070895E /* PBXContainerItemProxy */ = {
			isa = PBXContainerItemProxy;
			containerPortal = EE4741C627C8DB3E0070895E /* Alamofire.xcodeproj */;
			proxyType = 2;
			remoteGlobalIDString = 31293065263E17D600473CEA;
			remoteInfo = "Alamofire watchOS Tests";
		};
		EE47420927C918F50070895E /* PBXContainerItemProxy */ = {
			isa = PBXContainerItemProxy;
			containerPortal = EE4741FE27C918F50070895E /* SwiftyJSON.xcodeproj */;
			proxyType = 2;
			remoteGlobalIDString = 2E4FEFDB19575BE100351305;
			remoteInfo = "SwiftyJSON iOS";
		};
		EE47420B27C918F50070895E /* PBXContainerItemProxy */ = {
			isa = PBXContainerItemProxy;
			containerPortal = EE4741FE27C918F50070895E /* SwiftyJSON.xcodeproj */;
			proxyType = 2;
			remoteGlobalIDString = 2E4FEFE619575BE100351305;
			remoteInfo = "SwiftyJSON iOS Tests";
		};
		EE47420D27C918F50070895E /* PBXContainerItemProxy */ = {
			isa = PBXContainerItemProxy;
			containerPortal = EE4741FE27C918F50070895E /* SwiftyJSON.xcodeproj */;
			proxyType = 2;
			remoteGlobalIDString = 9C7DFC5B1A9102BD005AA3F7;
			remoteInfo = "SwiftyJSON macOS";
		};
		EE47420F27C918F50070895E /* PBXContainerItemProxy */ = {
			isa = PBXContainerItemProxy;
			containerPortal = EE4741FE27C918F50070895E /* SwiftyJSON.xcodeproj */;
			proxyType = 2;
			remoteGlobalIDString = 9C7DFC651A9102BD005AA3F7;
			remoteInfo = "SwiftyJSON macOS Tests";
		};
		EE47421127C918F50070895E /* PBXContainerItemProxy */ = {
			isa = PBXContainerItemProxy;
			containerPortal = EE4741FE27C918F50070895E /* SwiftyJSON.xcodeproj */;
			proxyType = 2;
			remoteGlobalIDString = E4D7CCE81B9465A700EE7221;
			remoteInfo = "SwiftyJSON watchOS";
		};
		EE47421327C918F50070895E /* PBXContainerItemProxy */ = {
			isa = PBXContainerItemProxy;
			containerPortal = EE4741FE27C918F50070895E /* SwiftyJSON.xcodeproj */;
			proxyType = 2;
			remoteGlobalIDString = 7236B4F61BAC14150020529B;
			remoteInfo = "SwiftyJSON tvOS";
		};
		EE47421527C918F50070895E /* PBXContainerItemProxy */ = {
			isa = PBXContainerItemProxy;
			containerPortal = EE4741FE27C918F50070895E /* SwiftyJSON.xcodeproj */;
			proxyType = 2;
			remoteGlobalIDString = A8580F741BCF5C5B00DA927B;
			remoteInfo = "SwiftyJSON tvOS Tests";
		};
/* End PBXContainerItemProxy section */

/* Begin PBXCopyFilesBuildPhase section */
		EE4741E427C8E27D0070895E /* Embed Frameworks */ = {
			isa = PBXCopyFilesBuildPhase;
			buildActionMask = 2147483647;
			dstPath = "";
			dstSubfolderSpec = 10;
			files = (
				EE47421827C919EA0070895E /* SwiftyJSON.framework in Embed Frameworks */,
				EE4741E327C8E27D0070895E /* Alamofire.framework in Embed Frameworks */,
			);
			name = "Embed Frameworks";
			runOnlyForDeploymentPostprocessing = 0;
		};
/* End PBXCopyFilesBuildPhase section */

/* Begin PBXFileReference section */
		EE05CFE927CFE6C3005D4D00 /* DetailViewController.swift */ = {isa = PBXFileReference; lastKnownFileType = sourcecode.swift; path = DetailViewController.swift; sourceTree = "<group>"; };
		EE4741C627C8DB3E0070895E /* Alamofire.xcodeproj */ = {isa = PBXFileReference; lastKnownFileType = "wrapper.pb-project"; name = Alamofire.xcodeproj; path = "Alamofire-master/Alamofire.xcodeproj"; sourceTree = "<group>"; };
		EE4741FE27C918F50070895E /* SwiftyJSON.xcodeproj */ = {isa = PBXFileReference; lastKnownFileType = "wrapper.pb-project"; name = SwiftyJSON.xcodeproj; path = "SwiftyJSON-master/SwiftyJSON.xcodeproj"; sourceTree = "<group>"; };
		EE47421927C92A330070895E /* Currency.swift */ = {isa = PBXFileReference; lastKnownFileType = sourcecode.swift; path = Currency.swift; sourceTree = "<group>"; };
		EE7E720E27B160A500FBDA15 /* photo-mp.app */ = {isa = PBXFileReference; explicitFileType = wrapper.application; includeInIndex = 0; path = "photo-mp.app"; sourceTree = BUILT_PRODUCTS_DIR; };
		EE7E721127B160A600FBDA15 /* AppDelegate.swift */ = {isa = PBXFileReference; lastKnownFileType = sourcecode.swift; path = AppDelegate.swift; sourceTree = "<group>"; };
		EE7E721327B160A600FBDA15 /* SceneDelegate.swift */ = {isa = PBXFileReference; lastKnownFileType = sourcecode.swift; path = SceneDelegate.swift; sourceTree = "<group>"; };
		EE7E721527B160A600FBDA15 /* ViewController.swift */ = {isa = PBXFileReference; lastKnownFileType = sourcecode.swift; path = ViewController.swift; sourceTree = "<group>"; };
		EE7E721827B160A600FBDA15 /* Base */ = {isa = PBXFileReference; lastKnownFileType = file.storyboard; name = Base; path = Base.lproj/Main.storyboard; sourceTree = "<group>"; };
		EE7E721A27B160AD00FBDA15 /* Assets.xcassets */ = {isa = PBXFileReference; lastKnownFileType = folder.assetcatalog; path = Assets.xcassets; sourceTree = "<group>"; };
		EE7E721D27B160AD00FBDA15 /* Base */ = {isa = PBXFileReference; lastKnownFileType = file.storyboard; name = Base; path = Base.lproj/LaunchScreen.storyboard; sourceTree = "<group>"; };
		EE7E721F27B160AD00FBDA15 /* Info.plist */ = {isa = PBXFileReference; lastKnownFileType = text.plist.xml; path = Info.plist; sourceTree = "<group>"; };
		EE7E722627B16FAE00FBDA15 /* DocsPickerTypes .swift */ = {isa = PBXFileReference; lastKnownFileType = sourcecode.swift; path = "DocsPickerTypes .swift"; sourceTree = "<group>"; };
		EEC3D1AF27BFA1FA00CDE6C1 /* File.swift */ = {isa = PBXFileReference; lastKnownFileType = sourcecode.swift; path = File.swift; sourceTree = "<group>"; };
		EEC3D1B127BFDE6400CDE6C1 /* SecondViewController.swift */ = {isa = PBXFileReference; lastKnownFileType = sourcecode.swift; path = SecondViewController.swift; sourceTree = "<group>"; };
		EEC3D1B327BFE48900CDE6C1 /* FileViewCell.swift */ = {isa = PBXFileReference; lastKnownFileType = sourcecode.swift; path = FileViewCell.swift; sourceTree = "<group>"; };
		EEC3D1B427BFE48900CDE6C1 /* FileViewCell.xib */ = {isa = PBXFileReference; lastKnownFileType = file.xib; path = FileViewCell.xib; sourceTree = "<group>"; };
		EEC3D1B727BFEFA300CDE6C1 /* SecondViewCell.swift */ = {isa = PBXFileReference; lastKnownFileType = sourcecode.swift; path = SecondViewCell.swift; sourceTree = "<group>"; };
		EEC3D1B827BFEFA300CDE6C1 /* SecondViewCell.xib */ = {isa = PBXFileReference; lastKnownFileType = file.xib; path = SecondViewCell.xib; sourceTree = "<group>"; };
/* End PBXFileReference section */

/* Begin PBXFrameworksBuildPhase section */
		EE7E720B27B160A500FBDA15 /* Frameworks */ = {
			isa = PBXFrameworksBuildPhase;
			buildActionMask = 2147483647;
			files = (
				EE47421727C919EA0070895E /* SwiftyJSON.framework in Frameworks */,
				EE4741E227C8E27D0070895E /* Alamofire.framework in Frameworks */,
			);
			runOnlyForDeploymentPostprocessing = 0;
		};
/* End PBXFrameworksBuildPhase section */

/* Begin PBXGroup section */
		EE4741C727C8DB3E0070895E /* Products */ = {
			isa = PBXGroup;
			children = (
				EE4741D227C8DB3F0070895E /* Alamofire.framework */,
				EE4741D427C8DB3F0070895E /* Alamofire iOS Tests.xctest */,
				EE4741D627C8DB3F0070895E /* Alamofire.framework */,
				EE4741D827C8DB3F0070895E /* Alamofire macOS Tests.xctest */,
				EE4741DA27C8DB3F0070895E /* Alamofire.framework */,
				EE4741DC27C8DB3F0070895E /* Alamofire tvOS Tests.xctest */,
				EE4741DE27C8DB3F0070895E /* Alamofire.framework */,
				EE4741E027C8DB3F0070895E /* Alamofire watchOS Tests.xctest */,
			);
			name = Products;
			sourceTree = "<group>";
		};
		EE4741FF27C918F50070895E /* Products */ = {
			isa = PBXGroup;
			children = (
				EE47420A27C918F50070895E /* SwiftyJSON.framework */,
				EE47420C27C918F50070895E /* SwiftyJSON iOS Tests.xctest */,
				EE47420E27C918F50070895E /* SwiftyJSON.framework */,
				EE47421027C918F50070895E /* SwiftyJSON macOS Tests.xctest */,
				EE47421227C918F50070895E /* SwiftyJSON.framework */,
				EE47421427C918F50070895E /* SwiftyJSON.framework */,
				EE47421627C918F50070895E /* SwiftyJSON tvOS Tests.xctest */,
			);
			name = Products;
			sourceTree = "<group>";
		};
		EE69423827B2A717005883DE /* View */ = {
			isa = PBXGroup;
			children = (
				EE69423927B2B1C9005883DE /* Cells */,
			);
			path = View;
			sourceTree = "<group>";
		};
		EE69423927B2B1C9005883DE /* Cells */ = {
			isa = PBXGroup;
			children = (
				EEC3D1B327BFE48900CDE6C1 /* FileViewCell.swift */,
				EEC3D1B427BFE48900CDE6C1 /* FileViewCell.xib */,
				EEC3D1B727BFEFA300CDE6C1 /* SecondViewCell.swift */,
				EEC3D1B827BFEFA300CDE6C1 /* SecondViewCell.xib */,
			);
			path = Cells;
			sourceTree = "<group>";
		};
		EE7E720527B160A500FBDA15 = {
			isa = PBXGroup;
			children = (
				EE4741FE27C918F50070895E /* SwiftyJSON.xcodeproj */,
				EE4741C627C8DB3E0070895E /* Alamofire.xcodeproj */,
				EE7E721027B160A500FBDA15 /* photo-mp */,
				EE7E720F27B160A500FBDA15 /* Products */,
			);
			sourceTree = "<group>";
		};
		EE7E720F27B160A500FBDA15 /* Products */ = {
			isa = PBXGroup;
			children = (
				EE7E720E27B160A500FBDA15 /* photo-mp.app */,
			);
			name = Products;
			sourceTree = "<group>";
		};
		EE7E721027B160A500FBDA15 /* photo-mp */ = {
			isa = PBXGroup;
			children = (
				EE69423827B2A717005883DE /* View */,
				EE7E722527B16A1400FBDA15 /* Model */,
				EE7E721127B160A600FBDA15 /* AppDelegate.swift */,
				EE7E721327B160A600FBDA15 /* SceneDelegate.swift */,
				EE7E721527B160A600FBDA15 /* ViewController.swift */,
				EEC3D1B127BFDE6400CDE6C1 /* SecondViewController.swift */,
				EE7E721727B160A600FBDA15 /* Main.storyboard */,
				EE7E721A27B160AD00FBDA15 /* Assets.xcassets */,
				EE7E721C27B160AD00FBDA15 /* LaunchScreen.storyboard */,
				EE7E721F27B160AD00FBDA15 /* Info.plist */,
				EE05CFE927CFE6C3005D4D00 /* DetailViewController.swift */,
			);
			path = "photo-mp";
			sourceTree = "<group>";
		};
		EE7E722527B16A1400FBDA15 /* Model */ = {
			isa = PBXGroup;
			children = (
				EE7E722627B16FAE00FBDA15 /* DocsPickerTypes .swift */,
				EEC3D1AF27BFA1FA00CDE6C1 /* File.swift */,
				EE47421927C92A330070895E /* Currency.swift */,
			);
			path = Model;
			sourceTree = "<group>";
		};
/* End PBXGroup section */

/* Begin PBXNativeTarget section */
		EE7E720D27B160A500FBDA15 /* photo-mp */ = {
			isa = PBXNativeTarget;
			buildConfigurationList = EE7E722227B160AD00FBDA15 /* Build configuration list for PBXNativeTarget "photo-mp" */;
			buildPhases = (
				EE7E720A27B160A500FBDA15 /* Sources */,
				EE7E720B27B160A500FBDA15 /* Frameworks */,
				EE7E720C27B160A500FBDA15 /* Resources */,
				EE4741E427C8E27D0070895E /* Embed Frameworks */,
			);
			buildRules = (
			);
			dependencies = (
			);
			name = "photo-mp";
			productName = "photo-mp";
			productReference = EE7E720E27B160A500FBDA15 /* photo-mp.app */;
			productType = "com.apple.product-type.application";
		};
/* End PBXNativeTarget section */

/* Begin PBXProject section */
		EE7E720627B160A500FBDA15 /* Project object */ = {
			isa = PBXProject;
			attributes = {
				BuildIndependentTargetsInParallel = 1;
				LastSwiftUpdateCheck = 1320;
				LastUpgradeCheck = 1320;
				TargetAttributes = {
					EE7E720D27B160A500FBDA15 = {
						CreatedOnToolsVersion = 13.2.1;
					};
				};
			};
			buildConfigurationList = EE7E720927B160A500FBDA15 /* Build configuration list for PBXProject "photo-mp" */;
			compatibilityVersion = "Xcode 13.0";
			developmentRegion = en;
			hasScannedForEncodings = 0;
			knownRegions = (
				en,
				Base,
			);
			mainGroup = EE7E720527B160A500FBDA15;
			productRefGroup = EE7E720F27B160A500FBDA15 /* Products */;
			projectDirPath = "";
			projectReferences = (
				{
					ProductGroup = EE4741C727C8DB3E0070895E /* Products */;
					ProjectRef = EE4741C627C8DB3E0070895E /* Alamofire.xcodeproj */;
				},
				{
					ProductGroup = EE4741FF27C918F50070895E /* Products */;
					ProjectRef = EE4741FE27C918F50070895E /* SwiftyJSON.xcodeproj */;
				},
			);
			projectRoot = "";
			targets = (
				EE7E720D27B160A500FBDA15 /* photo-mp */,
			);
		};
/* End PBXProject section */

/* Begin PBXReferenceProxy section */
		EE4741D227C8DB3F0070895E /* Alamofire.framework */ = {
			isa = PBXReferenceProxy;
			fileType = wrapper.framework;
			path = Alamofire.framework;
			remoteRef = EE4741D127C8DB3F0070895E /* PBXContainerItemProxy */;
			sourceTree = BUILT_PRODUCTS_DIR;
		};
		EE4741D427C8DB3F0070895E /* Alamofire iOS Tests.xctest */ = {
			isa = PBXReferenceProxy;
			fileType = wrapper.cfbundle;
			path = "Alamofire iOS Tests.xctest";
			remoteRef = EE4741D327C8DB3F0070895E /* PBXContainerItemProxy */;
			sourceTree = BUILT_PRODUCTS_DIR;
		};
		EE4741D627C8DB3F0070895E /* Alamofire.framework */ = {
			isa = PBXReferenceProxy;
			fileType = wrapper.framework;
			path = Alamofire.framework;
			remoteRef = EE4741D527C8DB3F0070895E /* PBXContainerItemProxy */;
			sourceTree = BUILT_PRODUCTS_DIR;
		};
		EE4741D827C8DB3F0070895E /* Alamofire macOS Tests.xctest */ = {
			isa = PBXReferenceProxy;
			fileType = wrapper.cfbundle;
			path = "Alamofire macOS Tests.xctest";
			remoteRef = EE4741D727C8DB3F0070895E /* PBXContainerItemProxy */;
			sourceTree = BUILT_PRODUCTS_DIR;
		};
		EE4741DA27C8DB3F0070895E /* Alamofire.framework */ = {
			isa = PBXReferenceProxy;
			fileType = wrapper.framework;
			path = Alamofire.framework;
			remoteRef = EE4741D927C8DB3F0070895E /* PBXContainerItemProxy */;
			sourceTree = BUILT_PRODUCTS_DIR;
		};
		EE4741DC27C8DB3F0070895E /* Alamofire tvOS Tests.xctest */ = {
			isa = PBXReferenceProxy;
			fileType = wrapper.cfbundle;
			path = "Alamofire tvOS Tests.xctest";
			remoteRef = EE4741DB27C8DB3F0070895E /* PBXContainerItemProxy */;
			sourceTree = BUILT_PRODUCTS_DIR;
		};
		EE4741DE27C8DB3F0070895E /* Alamofire.framework */ = {
			isa = PBXReferenceProxy;
			fileType = wrapper.framework;
			path = Alamofire.framework;
			remoteRef = EE4741DD27C8DB3F0070895E /* PBXContainerItemProxy */;
			sourceTree = BUILT_PRODUCTS_DIR;
		};
		EE4741E027C8DB3F0070895E /* Alamofire watchOS Tests.xctest */ = {
			isa = PBXReferenceProxy;
			fileType = wrapper.cfbundle;
			path = "Alamofire watchOS Tests.xctest";
			remoteRef = EE4741DF27C8DB3F0070895E /* PBXContainerItemProxy */;
			sourceTree = BUILT_PRODUCTS_DIR;
		};
		EE47420A27C918F50070895E /* SwiftyJSON.framework */ = {
			isa = PBXReferenceProxy;
			fileType = wrapper.framework;
			path = SwiftyJSON.framework;
			remoteRef = EE47420927C918F50070895E /* PBXContainerItemProxy */;
			sourceTree = BUILT_PRODUCTS_DIR;
		};
		EE47420C27C918F50070895E /* SwiftyJSON iOS Tests.xctest */ = {
			isa = PBXReferenceProxy;
			fileType = wrapper.cfbundle;
			path = "SwiftyJSON iOS Tests.xctest";
			remoteRef = EE47420B27C918F50070895E /* PBXContainerItemProxy */;
			sourceTree = BUILT_PRODUCTS_DIR;
		};
		EE47420E27C918F50070895E /* SwiftyJSON.framework */ = {
			isa = PBXReferenceProxy;
			fileType = wrapper.framework;
			path = SwiftyJSON.framework;
			remoteRef = EE47420D27C918F50070895E /* PBXContainerItemProxy */;
			sourceTree = BUILT_PRODUCTS_DIR;
		};
		EE47421027C918F50070895E /* SwiftyJSON macOS Tests.xctest */ = {
			isa = PBXReferenceProxy;
			fileType = wrapper.cfbundle;
			path = "SwiftyJSON macOS Tests.xctest";
			remoteRef = EE47420F27C918F50070895E /* PBXContainerItemProxy */;
			sourceTree = BUILT_PRODUCTS_DIR;
		};
		EE47421227C918F50070895E /* SwiftyJSON.framework */ = {
			isa = PBXReferenceProxy;
			fileType = wrapper.framework;
			path = SwiftyJSON.framework;
			remoteRef = EE47421127C918F50070895E /* PBXContainerItemProxy */;
			sourceTree = BUILT_PRODUCTS_DIR;
		};
		EE47421427C918F50070895E /* SwiftyJSON.framework */ = {
			isa = PBXReferenceProxy;
			fileType = wrapper.framework;
			path = SwiftyJSON.framework;
			remoteRef = EE47421327C918F50070895E /* PBXContainerItemProxy */;
			sourceTree = BUILT_PRODUCTS_DIR;
		};
		EE47421627C918F50070895E /* SwiftyJSON tvOS Tests.xctest */ = {
			isa = PBXReferenceProxy;
			fileType = wrapper.cfbundle;
			path = "SwiftyJSON tvOS Tests.xctest";
			remoteRef = EE47421527C918F50070895E /* PBXContainerItemProxy */;
			sourceTree = BUILT_PRODUCTS_DIR;
		};
/* End PBXReferenceProxy section */

/* Begin PBXResourcesBuildPhase section */
		EE7E720C27B160A500FBDA15 /* Resources */ = {
			isa = PBXResourcesBuildPhase;
			buildActionMask = 2147483647;
			files = (
				EEC3D1B627BFE48A00CDE6C1 /* FileViewCell.xib in Resources */,
				EE7E721E27B160AD00FBDA15 /* LaunchScreen.storyboard in Resources */,
				EE7E721B27B160AD00FBDA15 /* Assets.xcassets in Resources */,
				EEC3D1BA27BFEFA300CDE6C1 /* SecondViewCell.xib in Resources */,
				EE7E721927B160A600FBDA15 /* Main.storyboard in Resources */,
			);
			runOnlyForDeploymentPostprocessing = 0;
		};
/* End PBXResourcesBuildPhase section */

/* Begin PBXSourcesBuildPhase section */
		EE7E720A27B160A500FBDA15 /* Sources */ = {
			isa = PBXSourcesBuildPhase;
			buildActionMask = 2147483647;
			files = (
				EE47421A27C92A330070895E /* Currency.swift in Sources */,
				EEC3D1B527BFE48A00CDE6C1 /* FileViewCell.swift in Sources */,
				EE7E721627B160A600FBDA15 /* ViewController.swift in Sources */,
				EE7E722727B16FAE00FBDA15 /* DocsPickerTypes .swift in Sources */,
				EE7E721227B160A600FBDA15 /* AppDelegate.swift in Sources */,
				EEC3D1B227BFDE6400CDE6C1 /* SecondViewController.swift in Sources */,
				EEC3D1B027BFA1FA00CDE6C1 /* File.swift in Sources */,
				EE05CFEA27CFE6C3005D4D00 /* DetailViewController.swift in Sources */,
				EEC3D1B927BFEFA300CDE6C1 /* SecondViewCell.swift in Sources */,
				EE7E721427B160A600FBDA15 /* SceneDelegate.swift in Sources */,
			);
			runOnlyForDeploymentPostprocessing = 0;
		};
/* End PBXSourcesBuildPhase section */

/* Begin PBXVariantGroup section */
		EE7E721727B160A600FBDA15 /* Main.storyboard */ = {
			isa = PBXVariantGroup;
			children = (
				EE7E721827B160A600FBDA15 /* Base */,
			);
			name = Main.storyboard;
			sourceTree = "<group>";
		};
		EE7E721C27B160AD00FBDA15 /* LaunchScreen.storyboard */ = {
			isa = PBXVariantGroup;
			children = (
				EE7E721D27B160AD00FBDA15 /* Base */,
			);
			name = LaunchScreen.storyboard;
			sourceTree = "<group>";
		};
/* End PBXVariantGroup section */

/* Begin XCBuildConfiguration section */
		EE7E722027B160AD00FBDA15 /* Debug */ = {
			isa = XCBuildConfiguration;
			buildSettings = {
				ALWAYS_SEARCH_USER_PATHS = NO;
				CLANG_ANALYZER_NONNULL = YES;
				CLANG_ANALYZER_NUMBER_OBJECT_CONVERSION = YES_AGGRESSIVE;
				CLANG_CXX_LANGUAGE_STANDARD = "gnu++17";
				CLANG_CXX_LIBRARY = "libc++";
				CLANG_ENABLE_MODULES = YES;
				CLANG_ENABLE_OBJC_ARC = YES;
				CLANG_ENABLE_OBJC_WEAK = YES;
				CLANG_WARN_BLOCK_CAPTURE_AUTORELEASING = YES;
				CLANG_WARN_BOOL_CONVERSION = YES;
				CLANG_WARN_COMMA = YES;
				CLANG_WARN_CONSTANT_CONVERSION = YES;
				CLANG_WARN_DEPRECATED_OBJC_IMPLEMENTATIONS = YES;
				CLANG_WARN_DIRECT_OBJC_ISA_USAGE = YES_ERROR;
				CLANG_WARN_DOCUMENTATION_COMMENTS = YES;
				CLANG_WARN_EMPTY_BODY = YES;
				CLANG_WARN_ENUM_CONVERSION = YES;
				CLANG_WARN_INFINITE_RECURSION = YES;
				CLANG_WARN_INT_CONVERSION = YES;
				CLANG_WARN_NON_LITERAL_NULL_CONVERSION = YES;
				CLANG_WARN_OBJC_IMPLICIT_RETAIN_SELF = YES;
				CLANG_WARN_OBJC_LITERAL_CONVERSION = YES;
				CLANG_WARN_OBJC_ROOT_CLASS = YES_ERROR;
				CLANG_WARN_QUOTED_INCLUDE_IN_FRAMEWORK_HEADER = YES;
				CLANG_WARN_RANGE_LOOP_ANALYSIS = YES;
				CLANG_WARN_STRICT_PROTOTYPES = YES;
				CLANG_WARN_SUSPICIOUS_MOVE = YES;
				CLANG_WARN_UNGUARDED_AVAILABILITY = YES_AGGRESSIVE;
				CLANG_WARN_UNREACHABLE_CODE = YES;
				CLANG_WARN__DUPLICATE_METHOD_MATCH = YES;
				COPY_PHASE_STRIP = NO;
				DEBUG_INFORMATION_FORMAT = dwarf;
				ENABLE_STRICT_OBJC_MSGSEND = YES;
				ENABLE_TESTABILITY = YES;
				GCC_C_LANGUAGE_STANDARD = gnu11;
				GCC_DYNAMIC_NO_PIC = NO;
				GCC_NO_COMMON_BLOCKS = YES;
				GCC_OPTIMIZATION_LEVEL = 0;
				GCC_PREPROCESSOR_DEFINITIONS = (
					"DEBUG=1",
					"$(inherited)",
				);
				GCC_WARN_64_TO_32_BIT_CONVERSION = YES;
				GCC_WARN_ABOUT_RETURN_TYPE = YES_ERROR;
				GCC_WARN_UNDECLARED_SELECTOR = YES;
				GCC_WARN_UNINITIALIZED_AUTOS = YES_AGGRESSIVE;
				GCC_WARN_UNUSED_FUNCTION = YES;
				GCC_WARN_UNUSED_VARIABLE = YES;
				IPHONEOS_DEPLOYMENT_TARGET = 15.2;
				MTL_ENABLE_DEBUG_INFO = INCLUDE_SOURCE;
				MTL_FAST_MATH = YES;
				ONLY_ACTIVE_ARCH = YES;
				SDKROOT = iphoneos;
				SWIFT_ACTIVE_COMPILATION_CONDITIONS = DEBUG;
				SWIFT_OPTIMIZATION_LEVEL = "-Onone";
			};
			name = Debug;
		};
		EE7E722127B160AD00FBDA15 /* Release */ = {
			isa = XCBuildConfiguration;
			buildSettings = {
				ALWAYS_SEARCH_USER_PATHS = NO;
				CLANG_ANALYZER_NONNULL = YES;
				CLANG_ANALYZER_NUMBER_OBJECT_CONVERSION = YES_AGGRESSIVE;
				CLANG_CXX_LANGUAGE_STANDARD = "gnu++17";
				CLANG_CXX_LIBRARY = "libc++";
				CLANG_ENABLE_MODULES = YES;
				CLANG_ENABLE_OBJC_ARC = YES;
				CLANG_ENABLE_OBJC_WEAK = YES;
				CLANG_WARN_BLOCK_CAPTURE_AUTORELEASING = YES;
				CLANG_WARN_BOOL_CONVERSION = YES;
				CLANG_WARN_COMMA = YES;
				CLANG_WARN_CONSTANT_CONVERSION = YES;
				CLANG_WARN_DEPRECATED_OBJC_IMPLEMENTATIONS = YES;
				CLANG_WARN_DIRECT_OBJC_ISA_USAGE = YES_ERROR;
				CLANG_WARN_DOCUMENTATION_COMMENTS = YES;
				CLANG_WARN_EMPTY_BODY = YES;
				CLANG_WARN_ENUM_CONVERSION = YES;
				CLANG_WARN_INFINITE_RECURSION = YES;
				CLANG_WARN_INT_CONVERSION = YES;
				CLANG_WARN_NON_LITERAL_NULL_CONVERSION = YES;
				CLANG_WARN_OBJC_IMPLICIT_RETAIN_SELF = YES;
				CLANG_WARN_OBJC_LITERAL_CONVERSION = YES;
				CLANG_WARN_OBJC_ROOT_CLASS = YES_ERROR;
				CLANG_WARN_QUOTED_INCLUDE_IN_FRAMEWORK_HEADER = YES;
				CLANG_WARN_RANGE_LOOP_ANALYSIS = YES;
				CLANG_WARN_STRICT_PROTOTYPES = YES;
				CLANG_WARN_SUSPICIOUS_MOVE = YES;
				CLANG_WARN_UNGUARDED_AVAILABILITY = YES_AGGRESSIVE;
				CLANG_WARN_UNREACHABLE_CODE = YES;
				CLANG_WARN__DUPLICATE_METHOD_MATCH = YES;
				COPY_PHASE_STRIP = NO;
				DEBUG_INFORMATION_FORMAT = "dwarf-with-dsym";
				ENABLE_NS_ASSERTIONS = NO;
				ENABLE_STRICT_OBJC_MSGSEND = YES;
				GCC_C_LANGUAGE_STANDARD = gnu11;
				GCC_NO_COMMON_BLOCKS = YES;
				GCC_WARN_64_TO_32_BIT_CONVERSION = YES;
				GCC_WARN_ABOUT_RETURN_TYPE = YES_ERROR;
				GCC_WARN_UNDECLARED_SELECTOR = YES;
				GCC_WARN_UNINITIALIZED_AUTOS = YES_AGGRESSIVE;
				GCC_WARN_UNUSED_FUNCTION = YES;
				GCC_WARN_UNUSED_VARIABLE = YES;
				IPHONEOS_DEPLOYMENT_TARGET = 15.2;
				MTL_ENABLE_DEBUG_INFO = NO;
				MTL_FAST_MATH = YES;
				SDKROOT = iphoneos;
				SWIFT_COMPILATION_MODE = wholemodule;
				SWIFT_OPTIMIZATION_LEVEL = "-O";
				VALIDATE_PRODUCT = YES;
			};
			name = Release;
		};
		EE7E722327B160AD00FBDA15 /* Debug */ = {
			isa = XCBuildConfiguration;
			buildSettings = {
				ASSETCATALOG_COMPILER_APPICON_NAME = AppIcon;
				ASSETCATALOG_COMPILER_GLOBAL_ACCENT_COLOR_NAME = AccentColor;
				CODE_SIGN_STYLE = Automatic;
				CURRENT_PROJECT_VERSION = 1;
				DEVELOPMENT_TEAM = UGWRN6L8C4;
				GENERATE_INFOPLIST_FILE = YES;
				INFOPLIST_FILE = "photo-mp/Info.plist";
				INFOPLIST_KEY_NSCameraUsageDescription = "$(PRODUCT_NAME) uses Cameras";
				INFOPLIST_KEY_UIApplicationSupportsIndirectInputEvents = YES;
				INFOPLIST_KEY_UILaunchStoryboardName = LaunchScreen;
				INFOPLIST_KEY_UIMainStoryboardFile = Main;
				INFOPLIST_KEY_UISupportedInterfaceOrientations_iPad = "UIInterfaceOrientationPortrait UIInterfaceOrientationPortraitUpsideDown UIInterfaceOrientationLandscapeLeft UIInterfaceOrientationLandscapeRight";
				INFOPLIST_KEY_UISupportedInterfaceOrientations_iPhone = "UIInterfaceOrientationPortrait UIInterfaceOrientationLandscapeLeft UIInterfaceOrientationLandscapeRight";
				LD_RUNPATH_SEARCH_PATHS = (
					"$(inherited)",
					"@executable_path/Frameworks",
				);
				MARKETING_VERSION = 1.0;
				PRODUCT_BUNDLE_IDENTIFIER = "my.photo-mp";
				PRODUCT_NAME = "$(TARGET_NAME)";
				SWIFT_EMIT_LOC_STRINGS = YES;
				SWIFT_VERSION = 5.0;
				TARGETED_DEVICE_FAMILY = 1;
			};
			name = Debug;
		};
		EE7E722427B160AD00FBDA15 /* Release */ = {
			isa = XCBuildConfiguration;
			buildSettings = {
				ASSETCATALOG_COMPILER_APPICON_NAME = AppIcon;
				ASSETCATALOG_COMPILER_GLOBAL_ACCENT_COLOR_NAME = AccentColor;
				CODE_SIGN_STYLE = Automatic;
				CURRENT_PROJECT_VERSION = 1;
				DEVELOPMENT_TEAM = UGWRN6L8C4;
				GENERATE_INFOPLIST_FILE = YES;
				INFOPLIST_FILE = "photo-mp/Info.plist";
				INFOPLIST_KEY_NSCameraUsageDescription = "$(PRODUCT_NAME) uses Cameras";
				INFOPLIST_KEY_UIApplicationSupportsIndirectInputEvents = YES;
				INFOPLIST_KEY_UILaunchStoryboardName = LaunchScreen;
				INFOPLIST_KEY_UIMainStoryboardFile = Main;
				INFOPLIST_KEY_UISupportedInterfaceOrientations_iPad = "UIInterfaceOrientationPortrait UIInterfaceOrientationPortraitUpsideDown UIInterfaceOrientationLandscapeLeft UIInterfaceOrientationLandscapeRight";
				INFOPLIST_KEY_UISupportedInterfaceOrientations_iPhone = "UIInterfaceOrientationPortrait UIInterfaceOrientationLandscapeLeft UIInterfaceOrientationLandscapeRight";
				LD_RUNPATH_SEARCH_PATHS = (
					"$(inherited)",
					"@executable_path/Frameworks",
				);
				MARKETING_VERSION = 1.0;
				PRODUCT_BUNDLE_IDENTIFIER = "my.photo-mp";
				PRODUCT_NAME = "$(TARGET_NAME)";
				SWIFT_EMIT_LOC_STRINGS = YES;
				SWIFT_VERSION = 5.0;
				TARGETED_DEVICE_FAMILY = 1;
			};
			name = Release;
		};
/* End XCBuildConfiguration section */

/* Begin XCConfigurationList section */
		EE7E720927B160A500FBDA15 /* Build configuration list for PBXProject "photo-mp" */ = {
			isa = XCConfigurationList;
			buildConfigurations = (
				EE7E722027B160AD00FBDA15 /* Debug */,
				EE7E722127B160AD00FBDA15 /* Release */,
			);
			defaultConfigurationIsVisible = 0;
			defaultConfigurationName = Release;
		};
		EE7E722227B160AD00FBDA15 /* Build configuration list for PBXNativeTarget "photo-mp" */ = {
			isa = XCConfigurationList;
			buildConfigurations = (
				EE7E722327B160AD00FBDA15 /* Debug */,
				EE7E722427B160AD00FBDA15 /* Release */,
			);
			defaultConfigurationIsVisible = 0;
			defaultConfigurationName = Release;
		};
/* End XCConfigurationList section */
	};
	rootObject = EE7E720627B160A500FBDA15 /* Project object */;
}
